
Microsoft Visual Studio Solution File, Format Version 12.00
# Visual Studio Version 17
VisualStudioVersion = 17.13.35913.81
MinimumVisualStudioVersion = 10.0.40219.1
Project("{FAE04EC0-301F-11D3-BF4B-00C04F79EFBC}") = "WinGetStudio", "WinGetStudio\WinGetStudio.csproj", "{B4425482-8085-2B60-38D4-D1EE3A6536AA}"
EndProject
Project("{FAE04EC0-301F-11D3-BF4B-00C04F79EFBC}") = "WinGetStudio.Common", "WinGetStudio.Core\WinGetStudio.Common.csproj", "{80B93005-2609-D70E-B179-BAC99205C76F}"
EndProject
Project("{FAE04EC0-301F-11D3-BF4B-00C04F79EFBC}") = "WinGetStudio.Tests.MSTest", "WinGetStudio.Tests.MSTest\WinGetStudio.Tests.MSTest.csproj", "{3A15F2F6-A54F-3E08-1284-096504D422D6}"
EndProject
Project("{2150E333-8FDC-42A3-9474-1A3956D46DE8}") = "Services", "Services", "{02EA681E-C7D8-13C7-8484-4AC65E1B71E8}"
EndProject
Project("{FAE04EC0-301F-11D3-BF4B-00C04F79EFBC}") = "WinGetStudio.Services.Core", "services\WinGetStudio.Services.Core\WinGetStudio.Services.Core.csproj", "{1F099E03-3A2F-2D54-C765-4CD39DA1E0B2}"
EndProject
Project("{FAE04EC0-301F-11D3-BF4B-00C04F79EFBC}") = "WinGetStudio.Services.DesiredStateConfiguration", "services\WinGetStudio.Services.DesiredStateConfiguration\WinGetStudio.Services.DesiredStateConfiguration.csproj", "{7AC06B55-0172-0BD9-EDA0-A390FDCBE9CD}"
EndProject
Project("{FAE04EC0-301F-11D3-BF4B-00C04F79EFBC}") = "WinGetStudio.Services.WindowsPackageManager", "services\WinGetStudio.Services.WindowsPackageManager\WinGetStudio.Services.WindowsPackageManager.csproj", "{25C64CC9-3BFE-11DE-3ABA-45CB502A6128}"
EndProject
Project("{2150E333-8FDC-42A3-9474-1A3956D46DE8}") = "Solution items", "Solution items", "{0719441E-7B8C-48F3-8D7B-918F0689AD66}"
	ProjectSection(SolutionItems) = preProject
		.editorconfig = .editorconfig
		.vsconfig = .vsconfig
		Directory.Build.props = Directory.Build.props
		Directory.Packages.props = Directory.Packages.props
		nuget.config = nuget.config
		Solution.props = Solution.props
		ToolingVersions.props = ToolingVersions.props
	EndProjectSection
EndProject
Project("{FAE04EC0-301F-11D3-BF4B-00C04F79EFBC}") = "WinGetStudio.Services.VisualFeedback", "services\WinGetStudio.Services.VisualFeedback\WinGetStudio.Services.VisualFeedback.csproj", "{89EFE269-9A90-481A-BB7C-65E7C95251B3}"
EndProject
Project("{FAE04EC0-301F-11D3-BF4B-00C04F79EFBC}") = "WinGetStudio.Services.Settings", "services\WinGetStudio.Services.Settings\WinGetStudio.Services.Settings.csproj", "{641D2F91-7644-4158-93B9-17FD470454B8}"
EndProject
Project("{FAE04EC0-301F-11D3-BF4B-00C04F79EFBC}") = "WinGetStudio.Services.Telemetry", "services\WinGetStudio.Services.Telemetry\WinGetStudio.Services.Telemetry.csproj", "{2D414AE2-A4D7-46A9-9ED4-917EE54BCCC0}"
EndProject
Project("{FAE04EC0-301F-11D3-BF4B-00C04F79EFBC}") = "WinGetStudio.Services.Logging", "services\WinGetStudio.Services.Logging\WinGetStudio.Services.Logging.csproj", "{87BBBC10-607A-4895-848B-6E829B9061D1}"
EndProject
Project("{FAE04EC0-301F-11D3-BF4B-00C04F79EFBC}") = "WinGetStudio.Services.Localization", "services\WinGetStudio.Services.Localization\WinGetStudio.Services.Localization.csproj", "{690A3438-5764-4175-A8BF-774D8D005E58}"
EndProject
Project("{FAE04EC0-301F-11D3-BF4B-00C04F79EFBC}") = "WinGetStudio.CLI", "WinGetStudio.CLI\WinGetStudio.CLI.csproj", "{25EAD5CE-5501-4CBF-BC78-1FC0416D04CF}"
EndProject
Global
	GlobalSection(SolutionConfigurationPlatforms) = preSolution
		Debug|arm64 = Debug|arm64
		Debug|x64 = Debug|x64
		Debug|x86 = Debug|x86
		Release|arm64 = Release|arm64
		Release|x64 = Release|x64
		Release|x86 = Release|x86
	EndGlobalSection
	GlobalSection(ProjectConfigurationPlatforms) = postSolution
		{B4425482-8085-2B60-38D4-D1EE3A6536AA}.Debug|arm64.ActiveCfg = Debug|arm64
		{B4425482-8085-2B60-38D4-D1EE3A6536AA}.Debug|arm64.Build.0 = Debug|arm64
		{B4425482-8085-2B60-38D4-D1EE3A6536AA}.Debug|arm64.Deploy.0 = Debug|arm64
		{B4425482-8085-2B60-38D4-D1EE3A6536AA}.Debug|x64.ActiveCfg = Debug|x64
		{B4425482-8085-2B60-38D4-D1EE3A6536AA}.Debug|x64.Build.0 = Debug|x64
		{B4425482-8085-2B60-38D4-D1EE3A6536AA}.Debug|x64.Deploy.0 = Debug|x64
		{B4425482-8085-2B60-38D4-D1EE3A6536AA}.Debug|x86.ActiveCfg = Debug|x86
		{B4425482-8085-2B60-38D4-D1EE3A6536AA}.Debug|x86.Build.0 = Debug|x86
		{B4425482-8085-2B60-38D4-D1EE3A6536AA}.Debug|x86.Deploy.0 = Debug|x86
		{B4425482-8085-2B60-38D4-D1EE3A6536AA}.Release|arm64.ActiveCfg = Release|arm64
		{B4425482-8085-2B60-38D4-D1EE3A6536AA}.Release|arm64.Build.0 = Release|arm64
		{B4425482-8085-2B60-38D4-D1EE3A6536AA}.Release|arm64.Deploy.0 = Release|arm64
		{B4425482-8085-2B60-38D4-D1EE3A6536AA}.Release|x64.ActiveCfg = Release|x64
		{B4425482-8085-2B60-38D4-D1EE3A6536AA}.Release|x64.Build.0 = Release|x64
		{B4425482-8085-2B60-38D4-D1EE3A6536AA}.Release|x64.Deploy.0 = Release|x64
		{B4425482-8085-2B60-38D4-D1EE3A6536AA}.Release|x86.ActiveCfg = Release|x86
		{B4425482-8085-2B60-38D4-D1EE3A6536AA}.Release|x86.Build.0 = Release|x86
		{B4425482-8085-2B60-38D4-D1EE3A6536AA}.Release|x86.Deploy.0 = Release|x86
		{80B93005-2609-D70E-B179-BAC99205C76F}.Debug|arm64.ActiveCfg = Debug|arm64
		{80B93005-2609-D70E-B179-BAC99205C76F}.Debug|arm64.Build.0 = Debug|arm64
		{80B93005-2609-D70E-B179-BAC99205C76F}.Debug|x64.ActiveCfg = Debug|x64
		{80B93005-2609-D70E-B179-BAC99205C76F}.Debug|x64.Build.0 = Debug|x64
		{80B93005-2609-D70E-B179-BAC99205C76F}.Debug|x86.ActiveCfg = Debug|x86
		{80B93005-2609-D70E-B179-BAC99205C76F}.Debug|x86.Build.0 = Debug|x86
		{80B93005-2609-D70E-B179-BAC99205C76F}.Release|arm64.ActiveCfg = Release|arm64
		{80B93005-2609-D70E-B179-BAC99205C76F}.Release|arm64.Build.0 = Release|arm64
		{80B93005-2609-D70E-B179-BAC99205C76F}.Release|x64.ActiveCfg = Release|x64
		{80B93005-2609-D70E-B179-BAC99205C76F}.Release|x64.Build.0 = Release|x64
		{80B93005-2609-D70E-B179-BAC99205C76F}.Release|x86.ActiveCfg = Release|x86
		{80B93005-2609-D70E-B179-BAC99205C76F}.Release|x86.Build.0 = Release|x86
		{3A15F2F6-A54F-3E08-1284-096504D422D6}.Debug|arm64.ActiveCfg = Debug|arm64
		{3A15F2F6-A54F-3E08-1284-096504D422D6}.Debug|arm64.Build.0 = Debug|arm64
		{3A15F2F6-A54F-3E08-1284-096504D422D6}.Debug|x64.ActiveCfg = Debug|x64
		{3A15F2F6-A54F-3E08-1284-096504D422D6}.Debug|x64.Build.0 = Debug|x64
		{3A15F2F6-A54F-3E08-1284-096504D422D6}.Debug|x86.ActiveCfg = Debug|x86
		{3A15F2F6-A54F-3E08-1284-096504D422D6}.Debug|x86.Build.0 = Debug|x86
		{3A15F2F6-A54F-3E08-1284-096504D422D6}.Release|arm64.ActiveCfg = Release|arm64
		{3A15F2F6-A54F-3E08-1284-096504D422D6}.Release|arm64.Build.0 = Release|arm64
		{3A15F2F6-A54F-3E08-1284-096504D422D6}.Release|x64.ActiveCfg = Release|x64
		{3A15F2F6-A54F-3E08-1284-096504D422D6}.Release|x64.Build.0 = Release|x64
		{3A15F2F6-A54F-3E08-1284-096504D422D6}.Release|x86.ActiveCfg = Release|x86
		{3A15F2F6-A54F-3E08-1284-096504D422D6}.Release|x86.Build.0 = Release|x86
		{1F099E03-3A2F-2D54-C765-4CD39DA1E0B2}.Debug|arm64.ActiveCfg = Debug|arm64
		{1F099E03-3A2F-2D54-C765-4CD39DA1E0B2}.Debug|arm64.Build.0 = Debug|arm64
		{1F099E03-3A2F-2D54-C765-4CD39DA1E0B2}.Debug|x64.ActiveCfg = Debug|x64
		{1F099E03-3A2F-2D54-C765-4CD39DA1E0B2}.Debug|x64.Build.0 = Debug|x64
		{1F099E03-3A2F-2D54-C765-4CD39DA1E0B2}.Debug|x86.ActiveCfg = Debug|x86
		{1F099E03-3A2F-2D54-C765-4CD39DA1E0B2}.Debug|x86.Build.0 = Debug|x86
		{1F099E03-3A2F-2D54-C765-4CD39DA1E0B2}.Release|arm64.ActiveCfg = Release|arm64
		{1F099E03-3A2F-2D54-C765-4CD39DA1E0B2}.Release|arm64.Build.0 = Release|arm64
		{1F099E03-3A2F-2D54-C765-4CD39DA1E0B2}.Release|x64.ActiveCfg = Release|x64
		{1F099E03-3A2F-2D54-C765-4CD39DA1E0B2}.Release|x64.Build.0 = Release|x64
		{1F099E03-3A2F-2D54-C765-4CD39DA1E0B2}.Release|x86.ActiveCfg = Release|x86
		{1F099E03-3A2F-2D54-C765-4CD39DA1E0B2}.Release|x86.Build.0 = Release|x86
		{7AC06B55-0172-0BD9-EDA0-A390FDCBE9CD}.Debug|arm64.ActiveCfg = Debug|arm64
		{7AC06B55-0172-0BD9-EDA0-A390FDCBE9CD}.Debug|arm64.Build.0 = Debug|arm64
		{7AC06B55-0172-0BD9-EDA0-A390FDCBE9CD}.Debug|x64.ActiveCfg = Debug|x64
		{7AC06B55-0172-0BD9-EDA0-A390FDCBE9CD}.Debug|x64.Build.0 = Debug|x64
		{7AC06B55-0172-0BD9-EDA0-A390FDCBE9CD}.Debug|x86.ActiveCfg = Debug|x86
		{7AC06B55-0172-0BD9-EDA0-A390FDCBE9CD}.Debug|x86.Build.0 = Debug|x86
		{7AC06B55-0172-0BD9-EDA0-A390FDCBE9CD}.Release|arm64.ActiveCfg = Release|arm64
		{7AC06B55-0172-0BD9-EDA0-A390FDCBE9CD}.Release|arm64.Build.0 = Release|arm64
		{7AC06B55-0172-0BD9-EDA0-A390FDCBE9CD}.Release|x64.ActiveCfg = Release|x64
		{7AC06B55-0172-0BD9-EDA0-A390FDCBE9CD}.Release|x64.Build.0 = Release|x64
		{7AC06B55-0172-0BD9-EDA0-A390FDCBE9CD}.Release|x86.ActiveCfg = Release|x86
		{7AC06B55-0172-0BD9-EDA0-A390FDCBE9CD}.Release|x86.Build.0 = Release|x86
		{25C64CC9-3BFE-11DE-3ABA-45CB502A6128}.Debug|arm64.ActiveCfg = Debug|arm64
		{25C64CC9-3BFE-11DE-3ABA-45CB502A6128}.Debug|arm64.Build.0 = Debug|arm64
		{25C64CC9-3BFE-11DE-3ABA-45CB502A6128}.Debug|x64.ActiveCfg = Debug|x64
		{25C64CC9-3BFE-11DE-3ABA-45CB502A6128}.Debug|x64.Build.0 = Debug|x64
		{25C64CC9-3BFE-11DE-3ABA-45CB502A6128}.Debug|x86.ActiveCfg = Debug|x86
		{25C64CC9-3BFE-11DE-3ABA-45CB502A6128}.Debug|x86.Build.0 = Debug|x86
		{25C64CC9-3BFE-11DE-3ABA-45CB502A6128}.Release|arm64.ActiveCfg = Release|arm64
		{25C64CC9-3BFE-11DE-3ABA-45CB502A6128}.Release|arm64.Build.0 = Release|arm64
		{25C64CC9-3BFE-11DE-3ABA-45CB502A6128}.Release|x64.ActiveCfg = Release|x64
		{25C64CC9-3BFE-11DE-3ABA-45CB502A6128}.Release|x64.Build.0 = Release|x64
		{25C64CC9-3BFE-11DE-3ABA-45CB502A6128}.Release|x86.ActiveCfg = Release|x86
		{25C64CC9-3BFE-11DE-3ABA-45CB502A6128}.Release|x86.Build.0 = Release|x86
		{89EFE269-9A90-481A-BB7C-65E7C95251B3}.Debug|arm64.ActiveCfg = Debug|ARM64
		{89EFE269-9A90-481A-BB7C-65E7C95251B3}.Debug|arm64.Build.0 = Debug|ARM64
		{89EFE269-9A90-481A-BB7C-65E7C95251B3}.Debug|x64.ActiveCfg = Debug|x64
		{89EFE269-9A90-481A-BB7C-65E7C95251B3}.Debug|x64.Build.0 = Debug|x64
		{89EFE269-9A90-481A-BB7C-65E7C95251B3}.Debug|x86.ActiveCfg = Debug|x86
		{89EFE269-9A90-481A-BB7C-65E7C95251B3}.Debug|x86.Build.0 = Debug|x86
		{89EFE269-9A90-481A-BB7C-65E7C95251B3}.Release|arm64.ActiveCfg = Release|ARM64
		{89EFE269-9A90-481A-BB7C-65E7C95251B3}.Release|arm64.Build.0 = Release|ARM64
		{89EFE269-9A90-481A-BB7C-65E7C95251B3}.Release|x64.ActiveCfg = Release|x64
		{89EFE269-9A90-481A-BB7C-65E7C95251B3}.Release|x64.Build.0 = Release|x64
		{89EFE269-9A90-481A-BB7C-65E7C95251B3}.Release|x86.ActiveCfg = Release|x86
		{89EFE269-9A90-481A-BB7C-65E7C95251B3}.Release|x86.Build.0 = Release|x86
		{641D2F91-7644-4158-93B9-17FD470454B8}.Debug|arm64.ActiveCfg = Debug|ARM64
		{641D2F91-7644-4158-93B9-17FD470454B8}.Debug|arm64.Build.0 = Debug|ARM64
		{641D2F91-7644-4158-93B9-17FD470454B8}.Debug|x64.ActiveCfg = Debug|x64
		{641D2F91-7644-4158-93B9-17FD470454B8}.Debug|x64.Build.0 = Debug|x64
		{641D2F91-7644-4158-93B9-17FD470454B8}.Debug|x86.ActiveCfg = Debug|x86
		{641D2F91-7644-4158-93B9-17FD470454B8}.Debug|x86.Build.0 = Debug|x86
		{641D2F91-7644-4158-93B9-17FD470454B8}.Release|arm64.ActiveCfg = Release|ARM64
		{641D2F91-7644-4158-93B9-17FD470454B8}.Release|arm64.Build.0 = Release|ARM64
		{641D2F91-7644-4158-93B9-17FD470454B8}.Release|x64.ActiveCfg = Release|x64
		{641D2F91-7644-4158-93B9-17FD470454B8}.Release|x64.Build.0 = Release|x64
		{641D2F91-7644-4158-93B9-17FD470454B8}.Release|x86.ActiveCfg = Release|x86
		{641D2F91-7644-4158-93B9-17FD470454B8}.Release|x86.Build.0 = Release|x86
		{2D414AE2-A4D7-46A9-9ED4-917EE54BCCC0}.Debug|arm64.ActiveCfg = Debug|ARM64
		{2D414AE2-A4D7-46A9-9ED4-917EE54BCCC0}.Debug|arm64.Build.0 = Debug|ARM64
		{2D414AE2-A4D7-46A9-9ED4-917EE54BCCC0}.Debug|x64.ActiveCfg = Debug|x64
		{2D414AE2-A4D7-46A9-9ED4-917EE54BCCC0}.Debug|x64.Build.0 = Debug|x64
		{2D414AE2-A4D7-46A9-9ED4-917EE54BCCC0}.Debug|x86.ActiveCfg = Debug|x86
		{2D414AE2-A4D7-46A9-9ED4-917EE54BCCC0}.Debug|x86.Build.0 = Debug|x86
		{2D414AE2-A4D7-46A9-9ED4-917EE54BCCC0}.Release|arm64.ActiveCfg = Release|ARM64
		{2D414AE2-A4D7-46A9-9ED4-917EE54BCCC0}.Release|arm64.Build.0 = Release|ARM64
		{2D414AE2-A4D7-46A9-9ED4-917EE54BCCC0}.Release|x64.ActiveCfg = Release|x64
		{2D414AE2-A4D7-46A9-9ED4-917EE54BCCC0}.Release|x64.Build.0 = Release|x64
		{2D414AE2-A4D7-46A9-9ED4-917EE54BCCC0}.Release|x86.ActiveCfg = Release|x86
		{2D414AE2-A4D7-46A9-9ED4-917EE54BCCC0}.Release|x86.Build.0 = Release|x86
		{25EAD5CE-5501-4CBF-BC78-1FC0416D04CF}.Debug|arm64.ActiveCfg = Debug|ARM64
		{25EAD5CE-5501-4CBF-BC78-1FC0416D04CF}.Debug|arm64.Build.0 = Debug|ARM64
		{25EAD5CE-5501-4CBF-BC78-1FC0416D04CF}.Debug|x64.ActiveCfg = Debug|x64
		{25EAD5CE-5501-4CBF-BC78-1FC0416D04CF}.Debug|x64.Build.0 = Debug|x64
		{25EAD5CE-5501-4CBF-BC78-1FC0416D04CF}.Debug|x86.ActiveCfg = Debug|x86
		{25EAD5CE-5501-4CBF-BC78-1FC0416D04CF}.Debug|x86.Build.0 = Debug|x86
		{25EAD5CE-5501-4CBF-BC78-1FC0416D04CF}.Release|arm64.ActiveCfg = Release|ARM64
		{25EAD5CE-5501-4CBF-BC78-1FC0416D04CF}.Release|arm64.Build.0 = Release|ARM64
		{25EAD5CE-5501-4CBF-BC78-1FC0416D04CF}.Release|x64.ActiveCfg = Release|x64
		{25EAD5CE-5501-4CBF-BC78-1FC0416D04CF}.Release|x64.Build.0 = Release|x64
		{25EAD5CE-5501-4CBF-BC78-1FC0416D04CF}.Release|x86.ActiveCfg = Release|x86
		{25EAD5CE-5501-4CBF-BC78-1FC0416D04CF}.Release|x86.Build.0 = Release|x86
		{87BBBC10-607A-4895-848B-6E829B9061D1}.Debug|arm64.ActiveCfg = Debug|ARM64
		{87BBBC10-607A-4895-848B-6E829B9061D1}.Debug|arm64.Build.0 = Debug|ARM64
		{87BBBC10-607A-4895-848B-6E829B9061D1}.Debug|x64.ActiveCfg = Debug|x64
		{87BBBC10-607A-4895-848B-6E829B9061D1}.Debug|x64.Build.0 = Debug|x64
		{87BBBC10-607A-4895-848B-6E829B9061D1}.Debug|x86.ActiveCfg = Debug|x86
		{87BBBC10-607A-4895-848B-6E829B9061D1}.Debug|x86.Build.0 = Debug|x86
		{87BBBC10-607A-4895-848B-6E829B9061D1}.Release|arm64.ActiveCfg = Release|ARM64
		{87BBBC10-607A-4895-848B-6E829B9061D1}.Release|arm64.Build.0 = Release|ARM64
		{87BBBC10-607A-4895-848B-6E829B9061D1}.Release|x64.ActiveCfg = Release|x64
		{87BBBC10-607A-4895-848B-6E829B9061D1}.Release|x64.Build.0 = Release|x64
		{87BBBC10-607A-4895-848B-6E829B9061D1}.Release|x86.ActiveCfg = Release|x86
		{87BBBC10-607A-4895-848B-6E829B9061D1}.Release|x86.Build.0 = Release|x86
		{690A3438-5764-4175-A8BF-774D8D005E58}.Debug|arm64.ActiveCfg = Debug|ARM64
		{690A3438-5764-4175-A8BF-774D8D005E58}.Debug|arm64.Build.0 = Debug|ARM64
		{690A3438-5764-4175-A8BF-774D8D005E58}.Debug|x64.ActiveCfg = Debug|x64
		{690A3438-5764-4175-A8BF-774D8D005E58}.Debug|x64.Build.0 = Debug|x64
		{690A3438-5764-4175-A8BF-774D8D005E58}.Debug|x86.ActiveCfg = Debug|x86
		{690A3438-5764-4175-A8BF-774D8D005E58}.Debug|x86.Build.0 = Debug|x86
		{690A3438-5764-4175-A8BF-774D8D005E58}.Release|arm64.ActiveCfg = Release|ARM64
		{690A3438-5764-4175-A8BF-774D8D005E58}.Release|arm64.Build.0 = Release|ARM64
		{690A3438-5764-4175-A8BF-774D8D005E58}.Release|x64.ActiveCfg = Release|x64
		{690A3438-5764-4175-A8BF-774D8D005E58}.Release|x64.Build.0 = Release|x64
		{690A3438-5764-4175-A8BF-774D8D005E58}.Release|x86.ActiveCfg = Release|x86
		{690A3438-5764-4175-A8BF-774D8D005E58}.Release|x86.Build.0 = Release|x86
	EndGlobalSection
	GlobalSection(SolutionProperties) = preSolution
		HideSolutionNode = FALSE
	EndGlobalSection
	GlobalSection(NestedProjects) = preSolution
		{1F099E03-3A2F-2D54-C765-4CD39DA1E0B2} = {02EA681E-C7D8-13C7-8484-4AC65E1B71E8}
		{7AC06B55-0172-0BD9-EDA0-A390FDCBE9CD} = {02EA681E-C7D8-13C7-8484-4AC65E1B71E8}
		{25C64CC9-3BFE-11DE-3ABA-45CB502A6128} = {02EA681E-C7D8-13C7-8484-4AC65E1B71E8}
		{89EFE269-9A90-481A-BB7C-65E7C95251B3} = {02EA681E-C7D8-13C7-8484-4AC65E1B71E8}
		{641D2F91-7644-4158-93B9-17FD470454B8} = {02EA681E-C7D8-13C7-8484-4AC65E1B71E8}
		{2D414AE2-A4D7-46A9-9ED4-917EE54BCCC0} = {02EA681E-C7D8-13C7-8484-4AC65E1B71E8}
		{87BBBC10-607A-4895-848B-6E829B9061D1} = {02EA681E-C7D8-13C7-8484-4AC65E1B71E8}
		{690A3438-5764-4175-A8BF-774D8D005E58} = {02EA681E-C7D8-13C7-8484-4AC65E1B71E8}
	EndGlobalSection
	GlobalSection(ExtensibilityGlobals) = postSolution
		SolutionGuid = {1B1B29AB-8EF8-44B2-9CE2-E58329CCC870}
	EndGlobalSection
EndGlobal
